
Microsoft Visual Studio Solution File, Format Version 12.00
# Visual Studio Version 17
VisualStudioVersion = 17.0.31903.59
MinimumVisualStudioVersion = 10.0.40219.1
Project("{FAE04EC0-301F-11D3-BF4B-00C04F79EFBC}") = "importer", "importer\importer.csproj", "{3B226DD1-D732-49F5-98B7-D21F1B183251}"
EndProject
Project("{FAE04EC0-301F-11D3-BF4B-00C04F79EFBC}") = "core", "core\core.csproj", "{AF67FB60-7672-4866-AAD9-BC1E89327164}"
EndProject
Project("{FAE04EC0-301F-11D3-BF4B-00C04F79EFBC}") = "core.Tests", "core.Tests\core.Tests.csproj", "{EF3D2B74-E02B-4194-92C2-A213C3B83A1F}"
EndProject
Project("{FAE04EC0-301F-11D3-BF4B-00C04F79EFBC}") = "importer.Tests", "importer.Tests\importer.Tests.csproj", "{E1351805-8B44-45A0-A1F5-AD4F3393211E}"
EndProject
Project("{FAE04EC0-301F-11D3-BF4B-00C04F79EFBC}") = "api", "api\api.csproj", "{E6691EB9-4200-4A7C-9AAD-81D7949592D6}"
EndProject
Project("{FAE04EC0-301F-11D3-BF4B-00C04F79EFBC}") = "api.Tests", "api.Tests\api.Tests.csproj", "{B7C5D6DC-FDB3-4F21-A8EB-CB66D2E928E9}"
EndProject
Global
	GlobalSection(SolutionConfigurationPlatforms) = preSolution
		Debug|Any CPU = Debug|Any CPU
		Debug|x64 = Debug|x64
		Debug|x86 = Debug|x86
		Release|Any CPU = Release|Any CPU
		Release|x64 = Release|x64
		Release|x86 = Release|x86
	EndGlobalSection
	GlobalSection(ProjectConfigurationPlatforms) = postSolution
		{3B226DD1-D732-49F5-98B7-D21F1B183251}.Debug|Any CPU.ActiveCfg = Debug|Any CPU
		{3B226DD1-D732-49F5-98B7-D21F1B183251}.Debug|Any CPU.Build.0 = Debug|Any CPU
		{3B226DD1-D732-49F5-98B7-D21F1B183251}.Debug|x64.ActiveCfg = Debug|Any CPU
		{3B226DD1-D732-49F5-98B7-D21F1B183251}.Debug|x64.Build.0 = Debug|Any CPU
		{3B226DD1-D732-49F5-98B7-D21F1B183251}.Debug|x86.ActiveCfg = Debug|Any CPU
		{3B226DD1-D732-49F5-98B7-D21F1B183251}.Debug|x86.Build.0 = Debug|Any CPU
		{3B226DD1-D732-49F5-98B7-D21F1B183251}.Release|Any CPU.ActiveCfg = Release|Any CPU
		{3B226DD1-D732-49F5-98B7-D21F1B183251}.Release|Any CPU.Build.0 = Release|Any CPU
		{3B226DD1-D732-49F5-98B7-D21F1B183251}.Release|x64.ActiveCfg = Release|Any CPU
		{3B226DD1-D732-49F5-98B7-D21F1B183251}.Release|x64.Build.0 = Release|Any CPU
		{3B226DD1-D732-49F5-98B7-D21F1B183251}.Release|x86.ActiveCfg = Release|Any CPU
		{3B226DD1-D732-49F5-98B7-D21F1B183251}.Release|x86.Build.0 = Release|Any CPU
		{AF67FB60-7672-4866-AAD9-BC1E89327164}.Debug|Any CPU.ActiveCfg = Debug|Any CPU
		{AF67FB60-7672-4866-AAD9-BC1E89327164}.Debug|Any CPU.Build.0 = Debug|Any CPU
		{AF67FB60-7672-4866-AAD9-BC1E89327164}.Debug|x64.ActiveCfg = Debug|Any CPU
		{AF67FB60-7672-4866-AAD9-BC1E89327164}.Debug|x64.Build.0 = Debug|Any CPU
		{AF67FB60-7672-4866-AAD9-BC1E89327164}.Debug|x86.ActiveCfg = Debug|Any CPU
		{AF67FB60-7672-4866-AAD9-BC1E89327164}.Debug|x86.Build.0 = Debug|Any CPU
		{AF67FB60-7672-4866-AAD9-BC1E89327164}.Release|Any CPU.ActiveCfg = Release|Any CPU
		{AF67FB60-7672-4866-AAD9-BC1E89327164}.Release|Any CPU.Build.0 = Release|Any CPU
		{AF67FB60-7672-4866-AAD9-BC1E89327164}.Release|x64.ActiveCfg = Release|Any CPU
		{AF67FB60-7672-4866-AAD9-BC1E89327164}.Release|x64.Build.0 = Release|Any CPU
		{AF67FB60-7672-4866-AAD9-BC1E89327164}.Release|x86.ActiveCfg = Release|Any CPU
		{AF67FB60-7672-4866-AAD9-BC1E89327164}.Release|x86.Build.0 = Release|Any CPU
		{EF3D2B74-E02B-4194-92C2-A213C3B83A1F}.Debug|Any CPU.ActiveCfg = Debug|Any CPU
		{EF3D2B74-E02B-4194-92C2-A213C3B83A1F}.Debug|Any CPU.Build.0 = Debug|Any CPU
		{EF3D2B74-E02B-4194-92C2-A213C3B83A1F}.Debug|x64.ActiveCfg = Debug|Any CPU
		{EF3D2B74-E02B-4194-92C2-A213C3B83A1F}.Debug|x64.Build.0 = Debug|Any CPU
		{EF3D2B74-E02B-4194-92C2-A213C3B83A1F}.Debug|x86.ActiveCfg = Debug|Any CPU
		{EF3D2B74-E02B-4194-92C2-A213C3B83A1F}.Debug|x86.Build.0 = Debug|Any CPU
		{EF3D2B74-E02B-4194-92C2-A213C3B83A1F}.Release|Any CPU.ActiveCfg = Release|Any CPU
		{EF3D2B74-E02B-4194-92C2-A213C3B83A1F}.Release|Any CPU.Build.0 = Release|Any CPU
		{EF3D2B74-E02B-4194-92C2-A213C3B83A1F}.Release|x64.ActiveCfg = Release|Any CPU
		{EF3D2B74-E02B-4194-92C2-A213C3B83A1F}.Release|x64.Build.0 = Release|Any CPU
		{EF3D2B74-E02B-4194-92C2-A213C3B83A1F}.Release|x86.ActiveCfg = Release|Any CPU
		{EF3D2B74-E02B-4194-92C2-A213C3B83A1F}.Release|x86.Build.0 = Release|Any CPU
		{E1351805-8B44-45A0-A1F5-AD4F3393211E}.Debug|Any CPU.ActiveCfg = Debug|Any CPU
		{E1351805-8B44-45A0-A1F5-AD4F3393211E}.Debug|Any CPU.Build.0 = Debug|Any CPU
		{E1351805-8B44-45A0-A1F5-AD4F3393211E}.Debug|x64.ActiveCfg = Debug|Any CPU
		{E1351805-8B44-45A0-A1F5-AD4F3393211E}.Debug|x64.Build.0 = Debug|Any CPU
		{E1351805-8B44-45A0-A1F5-AD4F3393211E}.Debug|x86.ActiveCfg = Debug|Any CPU
		{E1351805-8B44-45A0-A1F5-AD4F3393211E}.Debug|x86.Build.0 = Debug|Any CPU
		{E1351805-8B44-45A0-A1F5-AD4F3393211E}.Release|Any CPU.ActiveCfg = Release|Any CPU
		{E1351805-8B44-45A0-A1F5-AD4F3393211E}.Release|Any CPU.Build.0 = Release|Any CPU
		{E1351805-8B44-45A0-A1F5-AD4F3393211E}.Release|x64.ActiveCfg = Release|Any CPU
		{E1351805-8B44-45A0-A1F5-AD4F3393211E}.Release|x64.Build.0 = Release|Any CPU
		{E1351805-8B44-45A0-A1F5-AD4F3393211E}.Release|x86.ActiveCfg = Release|Any CPU
		{E1351805-8B44-45A0-A1F5-AD4F3393211E}.Release|x86.Build.0 = Release|Any CPU
		{E6691EB9-4200-4A7C-9AAD-81D7949592D6}.Debug|Any CPU.ActiveCfg = Debug|Any CPU
		{E6691EB9-4200-4A7C-9AAD-81D7949592D6}.Debug|Any CPU.Build.0 = Debug|Any CPU
		{E6691EB9-4200-4A7C-9AAD-81D7949592D6}.Debug|x64.ActiveCfg = Debug|Any CPU
		{E6691EB9-4200-4A7C-9AAD-81D7949592D6}.Debug|x64.Build.0 = Debug|Any CPU
		{E6691EB9-4200-4A7C-9AAD-81D7949592D6}.Debug|x86.ActiveCfg = Debug|Any CPU
		{E6691EB9-4200-4A7C-9AAD-81D7949592D6}.Debug|x86.Build.0 = Debug|Any CPU
		{E6691EB9-4200-4A7C-9AAD-81D7949592D6}.Release|Any CPU.ActiveCfg = Release|Any CPU
		{E6691EB9-4200-4A7C-9AAD-81D7949592D6}.Release|Any CPU.Build.0 = Release|Any CPU
		{E6691EB9-4200-4A7C-9AAD-81D7949592D6}.Release|x64.ActiveCfg = Release|Any CPU
		{E6691EB9-4200-4A7C-9AAD-81D7949592D6}.Release|x64.Build.0 = Release|Any CPU
		{E6691EB9-4200-4A7C-9AAD-81D7949592D6}.Release|x86.ActiveCfg = Release|Any CPU
		{E6691EB9-4200-4A7C-9AAD-81D7949592D6}.Release|x86.Build.0 = Release|Any CPU
		{B7C5D6DC-FDB3-4F21-A8EB-CB66D2E928E9}.Debug|Any CPU.ActiveCfg = Debug|Any CPU
		{B7C5D6DC-FDB3-4F21-A8EB-CB66D2E928E9}.Debug|Any CPU.Build.0 = Debug|Any CPU
		{B7C5D6DC-FDB3-4F21-A8EB-CB66D2E928E9}.Debug|x64.ActiveCfg = Debug|Any CPU
		{B7C5D6DC-FDB3-4F21-A8EB-CB66D2E928E9}.Debug|x64.Build.0 = Debug|Any CPU
		{B7C5D6DC-FDB3-4F21-A8EB-CB66D2E928E9}.Debug|x86.ActiveCfg = Debug|Any CPU
		{B7C5D6DC-FDB3-4F21-A8EB-CB66D2E928E9}.Debug|x86.Build.0 = Debug|Any CPU
		{B7C5D6DC-FDB3-4F21-A8EB-CB66D2E928E9}.Release|Any CPU.ActiveCfg = Release|Any CPU
		{B7C5D6DC-FDB3-4F21-A8EB-CB66D2E928E9}.Release|Any CPU.Build.0 = Release|Any CPU
		{B7C5D6DC-FDB3-4F21-A8EB-CB66D2E928E9}.Release|x64.ActiveCfg = Release|Any CPU
		{B7C5D6DC-FDB3-4F21-A8EB-CB66D2E928E9}.Release|x64.Build.0 = Release|Any CPU
		{B7C5D6DC-FDB3-4F21-A8EB-CB66D2E928E9}.Release|x86.ActiveCfg = Release|Any CPU
		{B7C5D6DC-FDB3-4F21-A8EB-CB66D2E928E9}.Release|x86.Build.0 = Release|Any CPU
	EndGlobalSection
	GlobalSection(SolutionProperties) = preSolution
		HideSolutionNode = FALSE
	EndGlobalSection
EndGlobal
